{
  "name": "@canopycanopycanopy/b-ber-theme-serif",
  "version": "1.0.23",
  "lockfileVersion": 1,
  "requires": true,
  "dependencies": {
    "modularscale-sass": {
      "version": "3.0.10",
      "resolved": "https://registry.npmjs.org/modularscale-sass/-/modularscale-sass-3.0.10.tgz",
      "integrity": "sha512-ppbMfcXC+ESpqk1s8BfqsuY85DTAJdoPLxrYFohAUjg3r9eh2CBm2Wn7+JAh26DbRpAHynRt3a8ma2FOfk7JGA=="
    }
  }
}
